
Microsoft Visual Studio Solution File, Format Version 12.00
# Visual Studio Version 17
VisualStudioVersion = 17.6.33829.357
MinimumVisualStudioVersion = 10.0.40219.1
Project("{FAE04EC0-301F-11D3-BF4B-00C04F79EFBC}") = "DiegoG.AutoUpdater", "DiegoG.AutoUpdater\DiegoG.AutoUpdater.csproj", "{58BD7E2B-5737-4151-BA72-4A16F83654C7}"
EndProject
Global
	GlobalSection(SolutionConfigurationPlatforms) = preSolution
		Debug|Any CPU = Debug|Any CPU
		Release|Any CPU = Release|Any CPU
	EndGlobalSection
	GlobalSection(ProjectConfigurationPlatforms) = postSolution
		{58BD7E2B-5737-4151-BA72-4A16F83654C7}.Debug|Any CPU.ActiveCfg = Debug|Any CPU
		{58BD7E2B-5737-4151-BA72-4A16F83654C7}.Debug|Any CPU.Build.0 = Debug|Any CPU
		{58BD7E2B-5737-4151-BA72-4A16F83654C7}.Release|Any CPU.ActiveCfg = Release|Any CPU
		{58BD7E2B-5737-4151-BA72-4A16F83654C7}.Release|Any CPU.Build.0 = Release|Any CPU
	EndGlobalSection
	GlobalSection(SolutionProperties) = preSolution
		HideSolutionNode = FALSE
	EndGlobalSection
	GlobalSection(ExtensibilityGlobals) = postSolution
		SolutionGuid = {1B874B64-05A4-49CB-9E83-E5ED13A4BBA5}
	EndGlobalSection
EndGlobal
